
Microsoft Visual Studio Solution File, Format Version 12.00
# Visual Studio Version 16
VisualStudioVersion = 16.0.31729.503
MinimumVisualStudioVersion = 10.0.40219.1
Project("{9A19103F-16F7-4668-BE54-9A1E7A4F7556}") = "PluginIntegrationMVC", "PluginIntegrationMVC\PluginIntegrationMVC.csproj", "{BF800AC7-C51E-4DDA-8494-0A6B6ED0F54C}"
EndProject
Project("{FAE04EC0-301F-11D3-BF4B-00C04F79EFBC}") = "PluginIntegrationMVC.Application", "PluginIntegrationMVC.Application\PluginIntegrationMVC.Application.csproj", "{E17AC3A6-DF3D-460C-8BB6-75303E6DF5D6}"
EndProject
Project("{FAE04EC0-301F-11D3-BF4B-00C04F79EFBC}") = "PluginIntegrationMVC.Domain", "PluginIntegrationMVC.Domain\PluginIntegrationMVC.Domain.csproj", "{2A10A4B5-CB77-4D29-88AC-2B8D5C998E4C}"
EndProject
Global
	GlobalSection(SolutionConfigurationPlatforms) = preSolution
		Debug|Any CPU = Debug|Any CPU
		Release|Any CPU = Release|Any CPU
	EndGlobalSection
	GlobalSection(ProjectConfigurationPlatforms) = postSolution
		{BF800AC7-C51E-4DDA-8494-0A6B6ED0F54C}.Debug|Any CPU.ActiveCfg = Debug|Any CPU
		{BF800AC7-C51E-4DDA-8494-0A6B6ED0F54C}.Debug|Any CPU.Build.0 = Debug|Any CPU
		{BF800AC7-C51E-4DDA-8494-0A6B6ED0F54C}.Release|Any CPU.ActiveCfg = Release|Any CPU
		{BF800AC7-C51E-4DDA-8494-0A6B6ED0F54C}.Release|Any CPU.Build.0 = Release|Any CPU
		{E17AC3A6-DF3D-460C-8BB6-75303E6DF5D6}.Debug|Any CPU.ActiveCfg = Debug|Any CPU
		{E17AC3A6-DF3D-460C-8BB6-75303E6DF5D6}.Debug|Any CPU.Build.0 = Debug|Any CPU
		{E17AC3A6-DF3D-460C-8BB6-75303E6DF5D6}.Release|Any CPU.ActiveCfg = Release|Any CPU
		{E17AC3A6-DF3D-460C-8BB6-75303E6DF5D6}.Release|Any CPU.Build.0 = Release|Any CPU
		{2A10A4B5-CB77-4D29-88AC-2B8D5C998E4C}.Debug|Any CPU.ActiveCfg = Debug|Any CPU
		{2A10A4B5-CB77-4D29-88AC-2B8D5C998E4C}.Debug|Any CPU.Build.0 = Debug|Any CPU
		{2A10A4B5-CB77-4D29-88AC-2B8D5C998E4C}.Release|Any CPU.ActiveCfg = Release|Any CPU
		{2A10A4B5-CB77-4D29-88AC-2B8D5C998E4C}.Release|Any CPU.Build.0 = Release|Any CPU
	EndGlobalSection
	GlobalSection(SolutionProperties) = preSolution
		HideSolutionNode = FALSE
	EndGlobalSection
	GlobalSection(ExtensibilityGlobals) = postSolution
		SolutionGuid = {301D2A22-3D96-43BA-AD64-835958465F78}
	EndGlobalSection
EndGlobal
